
Microsoft Visual Studio Solution File, Format Version 12.00
# Visual Studio 15
VisualStudioVersion = 15.0.27130.2036
MinimumVisualStudioVersion = 10.0.40219.1
Project("{FAE04EC0-301F-11D3-BF4B-00C04F79EFBC}") = "ColorStatistics", "ColorStatistics\ColorStatistics.csproj", "{0CDD714C-E1E6-4DCF-A1D9-0B448DEB541A}"
EndProject
Global
	GlobalSection(SolutionConfigurationPlatforms) = preSolution
		Debug|Any CPU = Debug|Any CPU
		Release|Any CPU = Release|Any CPU
	EndGlobalSection
	GlobalSection(ProjectConfigurationPlatforms) = postSolution
		{0CDD714C-E1E6-4DCF-A1D9-0B448DEB541A}.Debug|Any CPU.ActiveCfg = Debug|Any CPU
		{0CDD714C-E1E6-4DCF-A1D9-0B448DEB541A}.Debug|Any CPU.Build.0 = Debug|Any CPU
		{0CDD714C-E1E6-4DCF-A1D9-0B448DEB541A}.Release|Any CPU.ActiveCfg = Release|Any CPU
		{0CDD714C-E1E6-4DCF-A1D9-0B448DEB541A}.Release|Any CPU.Build.0 = Release|Any CPU
	EndGlobalSection
	GlobalSection(SolutionProperties) = preSolution
		HideSolutionNode = FALSE
	EndGlobalSection
	GlobalSection(ExtensibilityGlobals) = postSolution
		SolutionGuid = {BEC370C8-798C-4722-B7F1-92D43BEB9009}
	EndGlobalSection
EndGlobal
